// !$*UTF8*$!
{
	archiveVersion = 1;
	classes = {
	};
	objectVersion = 56;
	objects = {

/* Begin PBXBuildFile section */
		688A2D4C2C5BD94700B88198 /* AppDelegate.swift in Sources */ = {isa = PBXBuildFile; fileRef = 688A2D4B2C5BD94700B88198 /* AppDelegate.swift */; };
		688A2D4E2C5BD94700B88198 /* SceneDelegate.swift in Sources */ = {isa = PBXBuildFile; fileRef = 688A2D4D2C5BD94700B88198 /* SceneDelegate.swift */; };
		688A2D502C5BD94700B88198 /* SignInViewController.swift in Sources */ = {isa = PBXBuildFile; fileRef = 688A2D4F2C5BD94700B88198 /* SignInViewController.swift */; };
		688A2D552C5BD94800B88198 /* Assets.xcassets in Resources */ = {isa = PBXBuildFile; fileRef = 688A2D542C5BD94800B88198 /* Assets.xcassets */; };
		688A2D582C5BD94800B88198 /* Base in Resources */ = {isa = PBXBuildFile; fileRef = 688A2D572C5BD94800B88198 /* Base */; };
		688A2D612C5BD9B500B88198 /* RxCocoa in Frameworks */ = {isa = PBXBuildFile; productRef = 688A2D602C5BD9B500B88198 /* RxCocoa */; };
		688A2D632C5BD9B500B88198 /* RxSwift in Frameworks */ = {isa = PBXBuildFile; productRef = 688A2D622C5BD9B500B88198 /* RxSwift */; };
		688A2D662C5BD9C100B88198 /* SnapKit in Frameworks */ = {isa = PBXBuildFile; productRef = 688A2D652C5BD9C100B88198 /* SnapKit */; };
		688A2D6B2C5CA1E400B88198 /* ViewRepresentable.swift in Sources */ = {isa = PBXBuildFile; fileRef = 688A2D6A2C5CA1E400B88198 /* ViewRepresentable.swift */; };
		688A2D6D2C5CA20D00B88198 /* UITextField+.swift in Sources */ = {isa = PBXBuildFile; fileRef = 688A2D6C2C5CA20D00B88198 /* UITextField+.swift */; };
		688A2D6F2C5CA2EC00B88198 /* View+.swift in Sources */ = {isa = PBXBuildFile; fileRef = 688A2D6E2C5CA2EC00B88198 /* View+.swift */; };
		688A2D712C5CA38000B88198 /* UIButton+.swift in Sources */ = {isa = PBXBuildFile; fileRef = 688A2D702C5CA38000B88198 /* UIButton+.swift */; };
		688A2D742C5CA44700B88198 /* SignUpViewController.swift in Sources */ = {isa = PBXBuildFile; fileRef = 688A2D732C5CA44700B88198 /* SignUpViewController.swift */; };
		688A2D762C5CAB2100B88198 /* ReusableProtocol.swift in Sources */ = {isa = PBXBuildFile; fileRef = 688A2D752C5CAB2100B88198 /* ReusableProtocol.swift */; };
		688A2D782C5CB05000B88198 /* PasswordViewController.swift in Sources */ = {isa = PBXBuildFile; fileRef = 688A2D772C5CB05000B88198 /* PasswordViewController.swift */; };
		688A2D7B2C5CB3C400B88198 /* PhoneViewController.swift in Sources */ = {isa = PBXBuildFile; fileRef = 688A2D7A2C5CB3C400B88198 /* PhoneViewController.swift */; };
		688A2D7D2C5CB3CE00B88198 /* NicknameViewController.swift in Sources */ = {isa = PBXBuildFile; fileRef = 688A2D7C2C5CB3CE00B88198 /* NicknameViewController.swift */; };
		688A2D7F2C5CB3DD00B88198 /* BirthdayViewController.swift in Sources */ = {isa = PBXBuildFile; fileRef = 688A2D7E2C5CB3DD00B88198 /* BirthdayViewController.swift */; };
		688A2D822C5CC60600B88198 /* TodoListViewController.swift in Sources */ = {isa = PBXBuildFile; fileRef = 688A2D812C5CC60600B88198 /* TodoListViewController.swift */; };
		688A2D842C5CC6CC00B88198 /* UIDatePicker+.swift in Sources */ = {isa = PBXBuildFile; fileRef = 688A2D832C5CC6CC00B88198 /* UIDatePicker+.swift */; };
		688A2D872C5CC76C00B88198 /* UIStackView+.swift in Sources */ = {isa = PBXBuildFile; fileRef = 688A2D862C5CC76C00B88198 /* UIStackView+.swift */; };
		688A2D8B2C5CD4FC00B88198 /* UIViewController+.swift in Sources */ = {isa = PBXBuildFile; fileRef = 688A2D8A2C5CD4FC00B88198 /* UIViewController+.swift */; };
		688A2D902C5E67DC00B88198 /* TodoListCell.swift in Sources */ = {isa = PBXBuildFile; fileRef = 688A2D8F2C5E67DC00B88198 /* TodoListCell.swift */; };
		688A2D932C5E768100B88198 /* TodoModel.swift in Sources */ = {isa = PBXBuildFile; fileRef = 688A2D922C5E768100B88198 /* TodoModel.swift */; };
		688A2D952C5F418D00B88198 /* SearchViewController.swift in Sources */ = {isa = PBXBuildFile; fileRef = 688A2D942C5F418D00B88198 /* SearchViewController.swift */; };
		688A2D9A2C5F94BF00B88198 /* SearchCell.swift in Sources */ = {isa = PBXBuildFile; fileRef = 688A2D992C5F94BF00B88198 /* SearchCell.swift */; };
		688A2DA22C60834300B88198 /* SignInViewModel.swift in Sources */ = {isa = PBXBuildFile; fileRef = 688A2DA12C60834300B88198 /* SignInViewModel.swift */; };
		688A2DA42C60879300B88198 /* SignUpViewModel.swift in Sources */ = {isa = PBXBuildFile; fileRef = 688A2DA32C60879300B88198 /* SignUpViewModel.swift */; };
		688A2DA62C608D5700B88198 /* PasswordViewModel.swift in Sources */ = {isa = PBXBuildFile; fileRef = 688A2DA52C608D5700B88198 /* PasswordViewModel.swift */; };
		688A2DAC2C609B2400B88198 /* PhoneViewModel.swift in Sources */ = {isa = PBXBuildFile; fileRef = 688A2DAB2C609B2400B88198 /* PhoneViewModel.swift */; };
		688A2DAE2C609E3000B88198 /* NicknameViewModel.swift in Sources */ = {isa = PBXBuildFile; fileRef = 688A2DAD2C609E3000B88198 /* NicknameViewModel.swift */; };
		688A2DB02C609FBB00B88198 /* BirthdayViewModel.swift in Sources */ = {isa = PBXBuildFile; fileRef = 688A2DAF2C609FBB00B88198 /* BirthdayViewModel.swift */; };
		688A2DB32C60A3F200B88198 /* TodoViewModel.swift in Sources */ = {isa = PBXBuildFile; fileRef = 688A2DB22C60A3F200B88198 /* TodoViewModel.swift */; };
		688A2DBC2C60DB4400B88198 /* SearchViewModel.swift in Sources */ = {isa = PBXBuildFile; fileRef = 688A2DBB2C60DB4400B88198 /* SearchViewModel.swift */; };
		688A2DCE2C63349D00B88198 /* RecommendCell.swift in Sources */ = {isa = PBXBuildFile; fileRef = 688A2DCD2C63349D00B88198 /* RecommendCell.swift */; };
/* End PBXBuildFile section */

/* Begin PBXFileReference section */
		688A2D482C5BD94700B88198 /* YegrRxThreads_Start.app */ = {isa = PBXFileReference; explicitFileType = wrapper.application; includeInIndex = 0; path = YegrRxThreads_Start.app; sourceTree = BUILT_PRODUCTS_DIR; };
		688A2D4B2C5BD94700B88198 /* AppDelegate.swift */ = {isa = PBXFileReference; lastKnownFileType = sourcecode.swift; path = AppDelegate.swift; sourceTree = "<group>"; };
		688A2D4D2C5BD94700B88198 /* SceneDelegate.swift */ = {isa = PBXFileReference; lastKnownFileType = sourcecode.swift; path = SceneDelegate.swift; sourceTree = "<group>"; };
		688A2D4F2C5BD94700B88198 /* SignInViewController.swift */ = {isa = PBXFileReference; lastKnownFileType = sourcecode.swift; path = SignInViewController.swift; sourceTree = "<group>"; };
		688A2D542C5BD94800B88198 /* Assets.xcassets */ = {isa = PBXFileReference; lastKnownFileType = folder.assetcatalog; path = Assets.xcassets; sourceTree = "<group>"; };
		688A2D572C5BD94800B88198 /* Base */ = {isa = PBXFileReference; lastKnownFileType = file.storyboard; name = Base; path = Base.lproj/LaunchScreen.storyboard; sourceTree = "<group>"; };
		688A2D592C5BD94800B88198 /* Info.plist */ = {isa = PBXFileReference; lastKnownFileType = text.plist.xml; path = Info.plist; sourceTree = "<group>"; };
		688A2D6A2C5CA1E400B88198 /* ViewRepresentable.swift */ = {isa = PBXFileReference; lastKnownFileType = sourcecode.swift; path = ViewRepresentable.swift; sourceTree = "<group>"; };
		688A2D6C2C5CA20D00B88198 /* UITextField+.swift */ = {isa = PBXFileReference; lastKnownFileType = sourcecode.swift; path = "UITextField+.swift"; sourceTree = "<group>"; };
		688A2D6E2C5CA2EC00B88198 /* View+.swift */ = {isa = PBXFileReference; lastKnownFileType = sourcecode.swift; path = "View+.swift"; sourceTree = "<group>"; };
		688A2D702C5CA38000B88198 /* UIButton+.swift */ = {isa = PBXFileReference; lastKnownFileType = sourcecode.swift; path = "UIButton+.swift"; sourceTree = "<group>"; };
		688A2D732C5CA44700B88198 /* SignUpViewController.swift */ = {isa = PBXFileReference; lastKnownFileType = sourcecode.swift; path = SignUpViewController.swift; sourceTree = "<group>"; };
		688A2D752C5CAB2100B88198 /* ReusableProtocol.swift */ = {isa = PBXFileReference; lastKnownFileType = sourcecode.swift; path = ReusableProtocol.swift; sourceTree = "<group>"; };
		688A2D772C5CB05000B88198 /* PasswordViewController.swift */ = {isa = PBXFileReference; lastKnownFileType = sourcecode.swift; path = PasswordViewController.swift; sourceTree = "<group>"; };
		688A2D7A2C5CB3C400B88198 /* PhoneViewController.swift */ = {isa = PBXFileReference; lastKnownFileType = sourcecode.swift; path = PhoneViewController.swift; sourceTree = "<group>"; };
		688A2D7C2C5CB3CE00B88198 /* NicknameViewController.swift */ = {isa = PBXFileReference; lastKnownFileType = sourcecode.swift; path = NicknameViewController.swift; sourceTree = "<group>"; };
		688A2D7E2C5CB3DD00B88198 /* BirthdayViewController.swift */ = {isa = PBXFileReference; lastKnownFileType = sourcecode.swift; path = BirthdayViewController.swift; sourceTree = "<group>"; };
		688A2D812C5CC60600B88198 /* TodoListViewController.swift */ = {isa = PBXFileReference; lastKnownFileType = sourcecode.swift; path = TodoListViewController.swift; sourceTree = "<group>"; };
		688A2D832C5CC6CC00B88198 /* UIDatePicker+.swift */ = {isa = PBXFileReference; lastKnownFileType = sourcecode.swift; path = "UIDatePicker+.swift"; sourceTree = "<group>"; };
		688A2D862C5CC76C00B88198 /* UIStackView+.swift */ = {isa = PBXFileReference; lastKnownFileType = sourcecode.swift; path = "UIStackView+.swift"; sourceTree = "<group>"; };
		688A2D8A2C5CD4FC00B88198 /* UIViewController+.swift */ = {isa = PBXFileReference; lastKnownFileType = sourcecode.swift; path = "UIViewController+.swift"; sourceTree = "<group>"; };
		688A2D8F2C5E67DC00B88198 /* TodoListCell.swift */ = {isa = PBXFileReference; lastKnownFileType = sourcecode.swift; path = TodoListCell.swift; sourceTree = "<group>"; };
		688A2D922C5E768100B88198 /* TodoModel.swift */ = {isa = PBXFileReference; lastKnownFileType = sourcecode.swift; path = TodoModel.swift; sourceTree = "<group>"; };
		688A2D942C5F418D00B88198 /* SearchViewController.swift */ = {isa = PBXFileReference; lastKnownFileType = sourcecode.swift; path = SearchViewController.swift; sourceTree = "<group>"; };
		688A2D992C5F94BF00B88198 /* SearchCell.swift */ = {isa = PBXFileReference; lastKnownFileType = sourcecode.swift; path = SearchCell.swift; sourceTree = "<group>"; };
		688A2DA12C60834300B88198 /* SignInViewModel.swift */ = {isa = PBXFileReference; lastKnownFileType = sourcecode.swift; path = SignInViewModel.swift; sourceTree = "<group>"; };
		688A2DA32C60879300B88198 /* SignUpViewModel.swift */ = {isa = PBXFileReference; lastKnownFileType = sourcecode.swift; path = SignUpViewModel.swift; sourceTree = "<group>"; };
		688A2DA52C608D5700B88198 /* PasswordViewModel.swift */ = {isa = PBXFileReference; lastKnownFileType = sourcecode.swift; path = PasswordViewModel.swift; sourceTree = "<group>"; };
		688A2DAB2C609B2400B88198 /* PhoneViewModel.swift */ = {isa = PBXFileReference; lastKnownFileType = sourcecode.swift; path = PhoneViewModel.swift; sourceTree = "<group>"; };
		688A2DAD2C609E3000B88198 /* NicknameViewModel.swift */ = {isa = PBXFileReference; lastKnownFileType = sourcecode.swift; path = NicknameViewModel.swift; sourceTree = "<group>"; };
		688A2DAF2C609FBB00B88198 /* BirthdayViewModel.swift */ = {isa = PBXFileReference; lastKnownFileType = sourcecode.swift; path = BirthdayViewModel.swift; sourceTree = "<group>"; };
		688A2DB22C60A3F200B88198 /* TodoViewModel.swift */ = {isa = PBXFileReference; lastKnownFileType = sourcecode.swift; path = TodoViewModel.swift; sourceTree = "<group>"; };
		688A2DBB2C60DB4400B88198 /* SearchViewModel.swift */ = {isa = PBXFileReference; lastKnownFileType = sourcecode.swift; path = SearchViewModel.swift; sourceTree = "<group>"; };
		688A2DCD2C63349D00B88198 /* RecommendCell.swift */ = {isa = PBXFileReference; lastKnownFileType = sourcecode.swift; path = RecommendCell.swift; sourceTree = "<group>"; };
/* End PBXFileReference section */

/* Begin PBXFrameworksBuildPhase section */
		688A2D452C5BD94700B88198 /* Frameworks */ = {
			isa = PBXFrameworksBuildPhase;
			buildActionMask = 2147483647;
			files = (
				688A2D662C5BD9C100B88198 /* SnapKit in Frameworks */,
				688A2D632C5BD9B500B88198 /* RxSwift in Frameworks */,
				688A2D612C5BD9B500B88198 /* RxCocoa in Frameworks */,
			);
			runOnlyForDeploymentPostprocessing = 0;
		};
/* End PBXFrameworksBuildPhase section */

/* Begin PBXGroup section */
		688A2D3F2C5BD94700B88198 = {
			isa = PBXGroup;
			children = (
				688A2D4A2C5BD94700B88198 /* YegrRxThreads_Start */,
				688A2D492C5BD94700B88198 /* Products */,
			);
			sourceTree = "<group>";
		};
		688A2D492C5BD94700B88198 /* Products */ = {
			isa = PBXGroup;
			children = (
				688A2D482C5BD94700B88198 /* YegrRxThreads_Start.app */,
			);
			name = Products;
			sourceTree = "<group>";
		};
		688A2D4A2C5BD94700B88198 /* YegrRxThreads_Start */ = {
			isa = PBXGroup;
			children = (
				688A2D4B2C5BD94700B88198 /* AppDelegate.swift */,
				688A2D4D2C5BD94700B88198 /* SceneDelegate.swift */,
				688A2D542C5BD94800B88198 /* Assets.xcassets */,
				688A2D562C5BD94800B88198 /* LaunchScreen.storyboard */,
				688A2D692C5CA1D300B88198 /* Protocol */,
				688A2D682C5CA19C00B88198 /* Extension */,
				688A2D672C5CA04C00B88198 /* SignIn */,
				688A2D722C5CA42E00B88198 /* SignUp */,
				688A2D792C5CB3A500B88198 /* SignUpOptional */,
				688A2D802C5CC5F400B88198 /* Todo */,
				688A2D962C5F46DF00B88198 /* Search */,
				688A2D592C5BD94800B88198 /* Info.plist */,
			);
			path = YegrRxThreads_Start;
			sourceTree = "<group>";
		};
		688A2D672C5CA04C00B88198 /* SignIn */ = {
			isa = PBXGroup;
			children = (
				688A2DA12C60834300B88198 /* SignInViewModel.swift */,
				688A2D4F2C5BD94700B88198 /* SignInViewController.swift */,
			);
			path = SignIn;
			sourceTree = "<group>";
		};
		688A2D682C5CA19C00B88198 /* Extension */ = {
			isa = PBXGroup;
			children = (
				688A2D6C2C5CA20D00B88198 /* UITextField+.swift */,
				688A2D6E2C5CA2EC00B88198 /* View+.swift */,
				688A2D702C5CA38000B88198 /* UIButton+.swift */,
				688A2D832C5CC6CC00B88198 /* UIDatePicker+.swift */,
				688A2D862C5CC76C00B88198 /* UIStackView+.swift */,
				688A2D8A2C5CD4FC00B88198 /* UIViewController+.swift */,
			);
			path = Extension;
			sourceTree = "<group>";
		};
		688A2D692C5CA1D300B88198 /* Protocol */ = {
			isa = PBXGroup;
			children = (
				688A2D6A2C5CA1E400B88198 /* ViewRepresentable.swift */,
				688A2D752C5CAB2100B88198 /* ReusableProtocol.swift */,
			);
			path = Protocol;
			sourceTree = "<group>";
		};
		688A2D722C5CA42E00B88198 /* SignUp */ = {
			isa = PBXGroup;
			children = (
				688A2DA72C609AE000B88198 /* ViewModel */,
				688A2DA82C609AEE00B88198 /* Controller */,
			);
			path = SignUp;
			sourceTree = "<group>";
		};
		688A2D792C5CB3A500B88198 /* SignUpOptional */ = {
			isa = PBXGroup;
			children = (
				688A2DA92C609AFF00B88198 /* ViewModel */,
				688A2DAA2C609B0900B88198 /* Controller */,
			);
			path = SignUpOptional;
			sourceTree = "<group>";
		};
		688A2D802C5CC5F400B88198 /* Todo */ = {
			isa = PBXGroup;
			children = (
				688A2DB22C60A3F200B88198 /* TodoViewModel.swift */,
				688A2D922C5E768100B88198 /* TodoModel.swift */,
				688A2D8F2C5E67DC00B88198 /* TodoListCell.swift */,
				688A2DCD2C63349D00B88198 /* RecommendCell.swift */,
				688A2D812C5CC60600B88198 /* TodoListViewController.swift */,
			);
			path = Todo;
			sourceTree = "<group>";
		};
		688A2D962C5F46DF00B88198 /* Search */ = {
			isa = PBXGroup;
			children = (
				688A2DBB2C60DB4400B88198 /* SearchViewModel.swift */,
				688A2D992C5F94BF00B88198 /* SearchCell.swift */,
				688A2D942C5F418D00B88198 /* SearchViewController.swift */,
			);
			path = Search;
			sourceTree = "<group>";
		};
		688A2DA72C609AE000B88198 /* ViewModel */ = {
			isa = PBXGroup;
			children = (
				688A2DA32C60879300B88198 /* SignUpViewModel.swift */,
				688A2DA52C608D5700B88198 /* PasswordViewModel.swift */,
			);
			path = ViewModel;
			sourceTree = "<group>";
		};
		688A2DA82C609AEE00B88198 /* Controller */ = {
			isa = PBXGroup;
			children = (
				688A2D732C5CA44700B88198 /* SignUpViewController.swift */,
				688A2D772C5CB05000B88198 /* PasswordViewController.swift */,
			);
			path = Controller;
			sourceTree = "<group>";
		};
		688A2DA92C609AFF00B88198 /* ViewModel */ = {
			isa = PBXGroup;
			children = (
				688A2DAB2C609B2400B88198 /* PhoneViewModel.swift */,
				688A2DAD2C609E3000B88198 /* NicknameViewModel.swift */,
				688A2DAF2C609FBB00B88198 /* BirthdayViewModel.swift */,
			);
			path = ViewModel;
			sourceTree = "<group>";
		};
		688A2DAA2C609B0900B88198 /* Controller */ = {
			isa = PBXGroup;
			children = (
				688A2D7A2C5CB3C400B88198 /* PhoneViewController.swift */,
				688A2D7C2C5CB3CE00B88198 /* NicknameViewController.swift */,
				688A2D7E2C5CB3DD00B88198 /* BirthdayViewController.swift */,
			);
			path = Controller;
			sourceTree = "<group>";
		};
/* End PBXGroup section */

/* Begin PBXNativeTarget section */
		688A2D472C5BD94700B88198 /* YegrRxThreads_Start */ = {
			isa = PBXNativeTarget;
			buildConfigurationList = 688A2D5C2C5BD94800B88198 /* Build configuration list for PBXNativeTarget "YegrRxThreads_Start" */;
			buildPhases = (
				688A2D442C5BD94700B88198 /* Sources */,
				688A2D452C5BD94700B88198 /* Frameworks */,
				688A2D462C5BD94700B88198 /* Resources */,
			);
			buildRules = (
			);
			dependencies = (
			);
			name = YegrRxThreads_Start;
			packageProductDependencies = (
				688A2D602C5BD9B500B88198 /* RxCocoa */,
				688A2D622C5BD9B500B88198 /* RxSwift */,
				688A2D652C5BD9C100B88198 /* SnapKit */,
			);
			productName = YegrRxThreads_Start;
			productReference = 688A2D482C5BD94700B88198 /* YegrRxThreads_Start.app */;
			productType = "com.apple.product-type.application";
		};
/* End PBXNativeTarget section */

/* Begin PBXProject section */
		688A2D402C5BD94700B88198 /* Project object */ = {
			isa = PBXProject;
			attributes = {
				BuildIndependentTargetsInParallel = 1;
				LastSwiftUpdateCheck = 1540;
				LastUpgradeCheck = 1540;
				TargetAttributes = {
					688A2D472C5BD94700B88198 = {
						CreatedOnToolsVersion = 15.4;
					};
				};
			};
			buildConfigurationList = 688A2D432C5BD94700B88198 /* Build configuration list for PBXProject "YegrRxThreads_Start" */;
			compatibilityVersion = "Xcode 14.0";
			developmentRegion = en;
			hasScannedForEncodings = 0;
			knownRegions = (
				en,
				Base,
			);
			mainGroup = 688A2D3F2C5BD94700B88198;
			packageReferences = (
				688A2D5F2C5BD9B500B88198 /* XCRemoteSwiftPackageReference "RxSwift" */,
				688A2D642C5BD9C100B88198 /* XCRemoteSwiftPackageReference "SnapKit" */,
			);
			productRefGroup = 688A2D492C5BD94700B88198 /* Products */;
			projectDirPath = "";
			projectRoot = "";
			targets = (
				688A2D472C5BD94700B88198 /* YegrRxThreads_Start */,
			);
		};
/* End PBXProject section */

/* Begin PBXResourcesBuildPhase section */
		688A2D462C5BD94700B88198 /* Resources */ = {
			isa = PBXResourcesBuildPhase;
			buildActionMask = 2147483647;
			files = (
				688A2D552C5BD94800B88198 /* Assets.xcassets in Resources */,
				688A2D582C5BD94800B88198 /* Base in Resources */,
			);
			runOnlyForDeploymentPostprocessing = 0;
		};
/* End PBXResourcesBuildPhase section */

/* Begin PBXSourcesBuildPhase section */
		688A2D442C5BD94700B88198 /* Sources */ = {
			isa = PBXSourcesBuildPhase;
			buildActionMask = 2147483647;
			files = (
				688A2D502C5BD94700B88198 /* SignInViewController.swift in Sources */,
				688A2DA62C608D5700B88198 /* PasswordViewModel.swift in Sources */,
				688A2D782C5CB05000B88198 /* PasswordViewController.swift in Sources */,
				688A2D712C5CA38000B88198 /* UIButton+.swift in Sources */,
				688A2D902C5E67DC00B88198 /* TodoListCell.swift in Sources */,
				688A2D7F2C5CB3DD00B88198 /* BirthdayViewController.swift in Sources */,
				688A2D952C5F418D00B88198 /* SearchViewController.swift in Sources */,
				688A2D842C5CC6CC00B88198 /* UIDatePicker+.swift in Sources */,
				688A2D742C5CA44700B88198 /* SignUpViewController.swift in Sources */,
				688A2DA22C60834300B88198 /* SignInViewModel.swift in Sources */,
				688A2D8B2C5CD4FC00B88198 /* UIViewController+.swift in Sources */,
				688A2D7D2C5CB3CE00B88198 /* NicknameViewController.swift in Sources */,
				688A2DB32C60A3F200B88198 /* TodoViewModel.swift in Sources */,
				688A2DAE2C609E3000B88198 /* NicknameViewModel.swift in Sources */,
				688A2DAC2C609B2400B88198 /* PhoneViewModel.swift in Sources */,
				688A2D9A2C5F94BF00B88198 /* SearchCell.swift in Sources */,
				688A2D6D2C5CA20D00B88198 /* UITextField+.swift in Sources */,
				688A2DA42C60879300B88198 /* SignUpViewModel.swift in Sources */,
				688A2DBC2C60DB4400B88198 /* SearchViewModel.swift in Sources */,
				688A2D6B2C5CA1E400B88198 /* ViewRepresentable.swift in Sources */,
				688A2D822C5CC60600B88198 /* TodoListViewController.swift in Sources */,
				688A2D932C5E768100B88198 /* TodoModel.swift in Sources */,
				688A2DCE2C63349D00B88198 /* RecommendCell.swift in Sources */,
				688A2D4C2C5BD94700B88198 /* AppDelegate.swift in Sources */,
				688A2D872C5CC76C00B88198 /* UIStackView+.swift in Sources */,
				688A2D6F2C5CA2EC00B88198 /* View+.swift in Sources */,
				688A2D7B2C5CB3C400B88198 /* PhoneViewController.swift in Sources */,
				688A2DB02C609FBB00B88198 /* BirthdayViewModel.swift in Sources */,
				688A2D4E2C5BD94700B88198 /* SceneDelegate.swift in Sources */,
				688A2D762C5CAB2100B88198 /* ReusableProtocol.swift in Sources */,
			);
			runOnlyForDeploymentPostprocessing = 0;
		};
/* End PBXSourcesBuildPhase section */

/* Begin PBXVariantGroup section */
		688A2D562C5BD94800B88198 /* LaunchScreen.storyboard */ = {
			isa = PBXVariantGroup;
			children = (
				688A2D572C5BD94800B88198 /* Base */,
			);
			name = LaunchScreen.storyboard;
			sourceTree = "<group>";
		};
/* End PBXVariantGroup section */

/* Begin XCBuildConfiguration section */
		688A2D5A2C5BD94800B88198 /* Debug */ = {
			isa = XCBuildConfiguration;
			buildSettings = {
				ALWAYS_SEARCH_USER_PATHS = NO;
				ASSETCATALOG_COMPILER_GENERATE_SWIFT_ASSET_SYMBOL_EXTENSIONS = YES;
				CLANG_ANALYZER_NONNULL = YES;
				CLANG_ANALYZER_NUMBER_OBJECT_CONVERSION = YES_AGGRESSIVE;
				CLANG_CXX_LANGUAGE_STANDARD = "gnu++20";
				CLANG_ENABLE_MODULES = YES;
				CLANG_ENABLE_OBJC_ARC = YES;
				CLANG_ENABLE_OBJC_WEAK = YES;
				CLANG_WARN_BLOCK_CAPTURE_AUTORELEASING = YES;
				CLANG_WARN_BOOL_CONVERSION = YES;
				CLANG_WARN_COMMA = YES;
				CLANG_WARN_CONSTANT_CONVERSION = YES;
				CLANG_WARN_DEPRECATED_OBJC_IMPLEMENTATIONS = YES;
				CLANG_WARN_DIRECT_OBJC_ISA_USAGE = YES_ERROR;
				CLANG_WARN_DOCUMENTATION_COMMENTS = YES;
				CLANG_WARN_EMPTY_BODY = YES;
				CLANG_WARN_ENUM_CONVERSION = YES;
				CLANG_WARN_INFINITE_RECURSION = YES;
				CLANG_WARN_INT_CONVERSION = YES;
				CLANG_WARN_NON_LITERAL_NULL_CONVERSION = YES;
				CLANG_WARN_OBJC_IMPLICIT_RETAIN_SELF = YES;
				CLANG_WARN_OBJC_LITERAL_CONVERSION = YES;
				CLANG_WARN_OBJC_ROOT_CLASS = YES_ERROR;
				CLANG_WARN_QUOTED_INCLUDE_IN_FRAMEWORK_HEADER = YES;
				CLANG_WARN_RANGE_LOOP_ANALYSIS = YES;
				CLANG_WARN_STRICT_PROTOTYPES = YES;
				CLANG_WARN_SUSPICIOUS_MOVE = YES;
				CLANG_WARN_UNGUARDED_AVAILABILITY = YES_AGGRESSIVE;
				CLANG_WARN_UNREACHABLE_CODE = YES;
				CLANG_WARN__DUPLICATE_METHOD_MATCH = YES;
				COPY_PHASE_STRIP = NO;
				DEBUG_INFORMATION_FORMAT = dwarf;
				ENABLE_STRICT_OBJC_MSGSEND = YES;
				ENABLE_TESTABILITY = YES;
				ENABLE_USER_SCRIPT_SANDBOXING = YES;
				GCC_C_LANGUAGE_STANDARD = gnu17;
				GCC_DYNAMIC_NO_PIC = NO;
				GCC_NO_COMMON_BLOCKS = YES;
				GCC_OPTIMIZATION_LEVEL = 0;
				GCC_PREPROCESSOR_DEFINITIONS = (
					"DEBUG=1",
					"$(inherited)",
				);
				GCC_WARN_64_TO_32_BIT_CONVERSION = YES;
				GCC_WARN_ABOUT_RETURN_TYPE = YES_ERROR;
				GCC_WARN_UNDECLARED_SELECTOR = YES;
				GCC_WARN_UNINITIALIZED_AUTOS = YES_AGGRESSIVE;
				GCC_WARN_UNUSED_FUNCTION = YES;
				GCC_WARN_UNUSED_VARIABLE = YES;
				IPHONEOS_DEPLOYMENT_TARGET = 17.5;
				LOCALIZATION_PREFERS_STRING_CATALOGS = YES;
				MTL_ENABLE_DEBUG_INFO = INCLUDE_SOURCE;
				MTL_FAST_MATH = YES;
				ONLY_ACTIVE_ARCH = YES;
				SDKROOT = iphoneos;
				SWIFT_ACTIVE_COMPILATION_CONDITIONS = "DEBUG $(inherited)";
				SWIFT_OPTIMIZATION_LEVEL = "-Onone";
			};
			name = Debug;
		};
		688A2D5B2C5BD94800B88198 /* Release */ = {
			isa = XCBuildConfiguration;
			buildSettings = {
				ALWAYS_SEARCH_USER_PATHS = NO;
				ASSETCATALOG_COMPILER_GENERATE_SWIFT_ASSET_SYMBOL_EXTENSIONS = YES;
				CLANG_ANALYZER_NONNULL = YES;
				CLANG_ANALYZER_NUMBER_OBJECT_CONVERSION = YES_AGGRESSIVE;
				CLANG_CXX_LANGUAGE_STANDARD = "gnu++20";
				CLANG_ENABLE_MODULES = YES;
				CLANG_ENABLE_OBJC_ARC = YES;
				CLANG_ENABLE_OBJC_WEAK = YES;
				CLANG_WARN_BLOCK_CAPTURE_AUTORELEASING = YES;
				CLANG_WARN_BOOL_CONVERSION = YES;
				CLANG_WARN_COMMA = YES;
				CLANG_WARN_CONSTANT_CONVERSION = YES;
				CLANG_WARN_DEPRECATED_OBJC_IMPLEMENTATIONS = YES;
				CLANG_WARN_DIRECT_OBJC_ISA_USAGE = YES_ERROR;
				CLANG_WARN_DOCUMENTATION_COMMENTS = YES;
				CLANG_WARN_EMPTY_BODY = YES;
				CLANG_WARN_ENUM_CONVERSION = YES;
				CLANG_WARN_INFINITE_RECURSION = YES;
				CLANG_WARN_INT_CONVERSION = YES;
				CLANG_WARN_NON_LITERAL_NULL_CONVERSION = YES;
				CLANG_WARN_OBJC_IMPLICIT_RETAIN_SELF = YES;
				CLANG_WARN_OBJC_LITERAL_CONVERSION = YES;
				CLANG_WARN_OBJC_ROOT_CLASS = YES_ERROR;
				CLANG_WARN_QUOTED_INCLUDE_IN_FRAMEWORK_HEADER = YES;
				CLANG_WARN_RANGE_LOOP_ANALYSIS = YES;
				CLANG_WARN_STRICT_PROTOTYPES = YES;
				CLANG_WARN_SUSPICIOUS_MOVE = YES;
				CLANG_WARN_UNGUARDED_AVAILABILITY = YES_AGGRESSIVE;
				CLANG_WARN_UNREACHABLE_CODE = YES;
				CLANG_WARN__DUPLICATE_METHOD_MATCH = YES;
				COPY_PHASE_STRIP = NO;
				DEBUG_INFORMATION_FORMAT = "dwarf-with-dsym";
				ENABLE_NS_ASSERTIONS = NO;
				ENABLE_STRICT_OBJC_MSGSEND = YES;
				ENABLE_USER_SCRIPT_SANDBOXING = YES;
				GCC_C_LANGUAGE_STANDARD = gnu17;
				GCC_NO_COMMON_BLOCKS = YES;
				GCC_WARN_64_TO_32_BIT_CONVERSION = YES;
				GCC_WARN_ABOUT_RETURN_TYPE = YES_ERROR;
				GCC_WARN_UNDECLARED_SELECTOR = YES;
				GCC_WARN_UNINITIALIZED_AUTOS = YES_AGGRESSIVE;
				GCC_WARN_UNUSED_FUNCTION = YES;
				GCC_WARN_UNUSED_VARIABLE = YES;
				IPHONEOS_DEPLOYMENT_TARGET = 17.5;
				LOCALIZATION_PREFERS_STRING_CATALOGS = YES;
				MTL_ENABLE_DEBUG_INFO = NO;
				MTL_FAST_MATH = YES;
				SDKROOT = iphoneos;
				SWIFT_COMPILATION_MODE = wholemodule;
				VALIDATE_PRODUCT = YES;
			};
			name = Release;
		};
		688A2D5D2C5BD94800B88198 /* Debug */ = {
			isa = XCBuildConfiguration;
			buildSettings = {
				ASSETCATALOG_COMPILER_APPICON_NAME = AppIcon;
				ASSETCATALOG_COMPILER_GLOBAL_ACCENT_COLOR_NAME = AccentColor;
				CODE_SIGN_STYLE = Automatic;
				CURRENT_PROJECT_VERSION = 1;
				GENERATE_INFOPLIST_FILE = YES;
				INFOPLIST_FILE = YegrRxThreads_Start/Info.plist;
				INFOPLIST_KEY_UIApplicationSupportsIndirectInputEvents = YES;
				INFOPLIST_KEY_UILaunchStoryboardName = LaunchScreen;
				INFOPLIST_KEY_UISupportedInterfaceOrientations = UIInterfaceOrientationPortrait;
				INFOPLIST_KEY_UISupportedInterfaceOrientations_iPad = UIInterfaceOrientationPortrait;
				IPHONEOS_DEPLOYMENT_TARGET = 16.0;
				LD_RUNPATH_SEARCH_PATHS = (
					"$(inherited)",
					"@executable_path/Frameworks",
				);
				MARKETING_VERSION = 1.0;
				PRODUCT_BUNDLE_IDENTIFIER = "YJ.YegrRxThreads-Start";
				PRODUCT_NAME = "$(TARGET_NAME)";
				SUPPORTED_PLATFORMS = "iphoneos iphonesimulator";
				SUPPORTS_MACCATALYST = NO;
				SUPPORTS_MAC_DESIGNED_FOR_IPHONE_IPAD = NO;
				SUPPORTS_XR_DESIGNED_FOR_IPHONE_IPAD = NO;
				SWIFT_EMIT_LOC_STRINGS = YES;
				SWIFT_VERSION = 5.0;
				TARGETED_DEVICE_FAMILY = 1;
			};
			name = Debug;
		};
		688A2D5E2C5BD94800B88198 /* Release */ = {
			isa = XCBuildConfiguration;
			buildSettings = {
				ASSETCATALOG_COMPILER_APPICON_NAME = AppIcon;
				ASSETCATALOG_COMPILER_GLOBAL_ACCENT_COLOR_NAME = AccentColor;
				CODE_SIGN_STYLE = Automatic;
				CURRENT_PROJECT_VERSION = 1;
				GENERATE_INFOPLIST_FILE = YES;
				INFOPLIST_FILE = YegrRxThreads_Start/Info.plist;
				INFOPLIST_KEY_UIApplicationSupportsIndirectInputEvents = YES;
				INFOPLIST_KEY_UILaunchStoryboardName = LaunchScreen;
				INFOPLIST_KEY_UISupportedInterfaceOrientations = UIInterfaceOrientationPortrait;
				INFOPLIST_KEY_UISupportedInterfaceOrientations_iPad = UIInterfaceOrientationPortrait;
				IPHONEOS_DEPLOYMENT_TARGET = 16.0;
				LD_RUNPATH_SEARCH_PATHS = (
					"$(inherited)",
					"@executable_path/Frameworks",
				);
				MARKETING_VERSION = 1.0;
				PRODUCT_BUNDLE_IDENTIFIER = "YJ.YegrRxThreads-Start";
				PRODUCT_NAME = "$(TARGET_NAME)";
				SUPPORTED_PLATFORMS = "iphoneos iphonesimulator";
				SUPPORTS_MACCATALYST = NO;
				SUPPORTS_MAC_DESIGNED_FOR_IPHONE_IPAD = NO;
				SUPPORTS_XR_DESIGNED_FOR_IPHONE_IPAD = NO;
				SWIFT_EMIT_LOC_STRINGS = YES;
				SWIFT_VERSION = 5.0;
				TARGETED_DEVICE_FAMILY = 1;
			};
			name = Release;
		};
/* End XCBuildConfiguration section */

/* Begin XCConfigurationList section */
		688A2D432C5BD94700B88198 /* Build configuration list for PBXProject "YegrRxThreads_Start" */ = {
			isa = XCConfigurationList;
			buildConfigurations = (
				688A2D5A2C5BD94800B88198 /* Debug */,
				688A2D5B2C5BD94800B88198 /* Release */,
			);
			defaultConfigurationIsVisible = 0;
			defaultConfigurationName = Release;
		};
		688A2D5C2C5BD94800B88198 /* Build configuration list for PBXNativeTarget "YegrRxThreads_Start" */ = {
			isa = XCConfigurationList;
			buildConfigurations = (
				688A2D5D2C5BD94800B88198 /* Debug */,
				688A2D5E2C5BD94800B88198 /* Release */,
			);
			defaultConfigurationIsVisible = 0;
			defaultConfigurationName = Release;
		};
/* End XCConfigurationList section */

/* Begin XCRemoteSwiftPackageReference section */
		688A2D5F2C5BD9B500B88198 /* XCRemoteSwiftPackageReference "RxSwift" */ = {
			isa = XCRemoteSwiftPackageReference;
			repositoryURL = "https://github.com/ReactiveX/RxSwift.git";
			requirement = {
				kind = upToNextMajorVersion;
				minimumVersion = 6.7.1;
			};
		};
		688A2D642C5BD9C100B88198 /* XCRemoteSwiftPackageReference "SnapKit" */ = {
			isa = XCRemoteSwiftPackageReference;
			repositoryURL = "https://github.com/SnapKit/SnapKit.git";
			requirement = {
				kind = upToNextMajorVersion;
				minimumVersion = 5.7.1;
			};
		};
/* End XCRemoteSwiftPackageReference section */

/* Begin XCSwiftPackageProductDependency section */
		688A2D602C5BD9B500B88198 /* RxCocoa */ = {
			isa = XCSwiftPackageProductDependency;
			package = 688A2D5F2C5BD9B500B88198 /* XCRemoteSwiftPackageReference "RxSwift" */;
			productName = RxCocoa;
		};
		688A2D622C5BD9B500B88198 /* RxSwift */ = {
			isa = XCSwiftPackageProductDependency;
			package = 688A2D5F2C5BD9B500B88198 /* XCRemoteSwiftPackageReference "RxSwift" */;
			productName = RxSwift;
		};
		688A2D652C5BD9C100B88198 /* SnapKit */ = {
			isa = XCSwiftPackageProductDependency;
			package = 688A2D642C5BD9C100B88198 /* XCRemoteSwiftPackageReference "SnapKit" */;
			productName = SnapKit;
		};
/* End XCSwiftPackageProductDependency section */
	};
	rootObject = 688A2D402C5BD94700B88198 /* Project object */;
}
